PODS:
  - onnxruntime-c (1.26.0)
  - onnxruntime-objc (1.26.0):
    - onnxruntime-objc/Core (= 1.26.0)
  - onnxruntime-objc/Core (1.26.0):
    - onnxruntime-c (= 1.26.0)

DEPENDENCIES:
  - onnxruntime-objc (~> 1.20)

SPEC REPOS:
  trunk:
    - onnxruntime-c
    - onnxruntime-objc

SPEC CHECKSUMS:
  onnxruntime-c: e6e9272f5996fed3ea3ca3c9bc843478b2ecbc73
  onnxruntime-objc: 63687acb8d78c35dd0ab097abf755b1f3dc468c7

PODFILE CHECKSUM: 629273239de089d5996112c25c068cce927c36a0

COCOAPODS: 1.16.2
