// !$*UTF8*$!
{
	archiveVersion = 1;
	classes = {
	};
	objectVersion = 77;
	objects = {

/* Begin PBXBuildFile section */
		E596B13CF58B29E6A0984CC9 /* Pods_Kestrel.framework in Frameworks */ = {isa = PBXBuildFile; fileRef = 5FED5EB5F821424EC7097832 /* Pods_Kestrel.framework */; };
		FC5ECB802FC0B83000667FD7 /* Kestrel Watch.app in Embed Watch Content */ = {isa = PBXBuildFile; fileRef = FC5ECB762FC0B82F00667FD7 /* Kestrel Watch.app */; settings = {ATTRIBUTES = (RemoveHeadersOnCopy, ); }; };
		FC5FFF582FE76654003F0F43 /* WidgetKit.framework in Frameworks */ = {isa = PBXBuildFile; fileRef = FC5FFF572FE76654003F0F43 /* WidgetKit.framework */; };
		FC5FFF5A2FE76654003F0F43 /* SwiftUI.framework in Frameworks */ = {isa = PBXBuildFile; fileRef = FC5FFF592FE76654003F0F43 /* SwiftUI.framework */; };
		FC5FFF672FE76655003F0F43 /* KestrelWidgetExtension.appex in Embed Foundation Extensions */ = {isa = PBXBuildFile; fileRef = FC5FFF562FE76654003F0F43 /* KestrelWidgetExtension.appex */; settings = {ATTRIBUTES = (RemoveHeadersOnCopy, ); }; };
		FC5FFF722FE766B5003F0F43 /* WidgetKit.framework in Frameworks */ = {isa = PBXBuildFile; fileRef = FC5FFF572FE76654003F0F43 /* WidgetKit.framework */; };
		FC5FFF732FE766B5003F0F43 /* SwiftUI.framework in Frameworks */ = {isa = PBXBuildFile; fileRef = FC5FFF592FE76654003F0F43 /* SwiftUI.framework */; };
		FC5FFF802FE766B6003F0F43 /* KestrelWatchWidgetExtension.appex in Embed Foundation Extensions */ = {isa = PBXBuildFile; fileRef = FC5FFF712FE766B5003F0F43 /* KestrelWatchWidgetExtension.appex */; settings = {ATTRIBUTES = (RemoveHeadersOnCopy, ); }; };
/* End PBXBuildFile section */

/* Begin PBXContainerItemProxy section */
		FC5ECB7E2FC0B83000667FD7 /* PBXContainerItemProxy */ = {
			isa = PBXContainerItemProxy;
			containerPortal = FC4BA87A2FB951AA00955EA2 /* Project object */;
			proxyType = 1;
			remoteGlobalIDString = FC5ECB752FC0B82F00667FD7;
			remoteInfo = "Kestrel Watch Watch App";
		};
		FC5FFF652FE76655003F0F43 /* PBXContainerItemProxy */ = {
			isa = PBXContainerItemProxy;
			containerPortal = FC4BA87A2FB951AA00955EA2 /* Project object */;
			proxyType = 1;
			remoteGlobalIDString = FC5FFF552FE76654003F0F43;
			remoteInfo = KestrelWidgetExtension;
		};
		FC5FFF7E2FE766B6003F0F43 /* PBXContainerItemProxy */ = {
			isa = PBXContainerItemProxy;
			containerPortal = FC4BA87A2FB951AA00955EA2 /* Project object */;
			proxyType = 1;
			remoteGlobalIDString = FC5FFF702FE766B5003F0F43;
			remoteInfo = KestrelWatchWidgetExtension;
		};
/* End PBXContainerItemProxy section */

/* Begin PBXCopyFilesBuildPhase section */
		FC5ECB812FC0B83000667FD7 /* Embed Watch Content */ = {
			isa = PBXCopyFilesBuildPhase;
			buildActionMask = 2147483647;
			dstPath = "$(CONTENTS_FOLDER_PATH)/Watch";
			dstSubfolderSpec = 16;
			files = (
				FC5ECB802FC0B83000667FD7 /* Kestrel Watch.app in Embed Watch Content */,
			);
			name = "Embed Watch Content";
			runOnlyForDeploymentPostprocessing = 0;
		};
		FC5FFF6C2FE76655003F0F43 /* Embed Foundation Extensions */ = {
			isa = PBXCopyFilesBuildPhase;
			buildActionMask = 2147483647;
			dstPath = "";
			dstSubfolderSpec = 13;
			files = (
				FC5FFF672FE76655003F0F43 /* KestrelWidgetExtension.appex in Embed Foundation Extensions */,
			);
			name = "Embed Foundation Extensions";
			runOnlyForDeploymentPostprocessing = 0;
		};
		FC5FFF852FE766B6003F0F43 /* Embed Foundation Extensions */ = {
			isa = PBXCopyFilesBuildPhase;
			buildActionMask = 2147483647;
			dstPath = "";
			dstSubfolderSpec = 13;
			files = (
				FC5FFF802FE766B6003F0F43 /* KestrelWatchWidgetExtension.appex in Embed Foundation Extensions */,
			);
			name = "Embed Foundation Extensions";
			runOnlyForDeploymentPostprocessing = 0;
		};
/* End PBXCopyFilesBuildPhase section */

/* Begin PBXFileReference section */
		41C6895551641856EEF8DC3C /* Pods-Kestrel.release.xcconfig */ = {isa = PBXFileReference; includeInIndex = 1; lastKnownFileType = text.xcconfig; name = "Pods-Kestrel.release.xcconfig"; path = "Target Support Files/Pods-Kestrel/Pods-Kestrel.release.xcconfig"; sourceTree = "<group>"; };
		5FED5EB5F821424EC7097832 /* Pods_Kestrel.framework */ = {isa = PBXFileReference; explicitFileType = wrapper.framework; includeInIndex = 0; path = Pods_Kestrel.framework; sourceTree = BUILT_PRODUCTS_DIR; };
		F8B639173D7779B7186B01BC /* Pods-Kestrel.debug.xcconfig */ = {isa = PBXFileReference; includeInIndex = 1; lastKnownFileType = text.xcconfig; name = "Pods-Kestrel.debug.xcconfig"; path = "Target Support Files/Pods-Kestrel/Pods-Kestrel.debug.xcconfig"; sourceTree = "<group>"; };
		FC4BA8822FB951AA00955EA2 /* Kestrel.app */ = {isa = PBXFileReference; explicitFileType = wrapper.application; includeInIndex = 0; path = Kestrel.app; sourceTree = BUILT_PRODUCTS_DIR; };
		FC5ECB762FC0B82F00667FD7 /* Kestrel Watch.app */ = {isa = PBXFileReference; explicitFileType = wrapper.application; includeInIndex = 0; path = "Kestrel Watch.app"; sourceTree = BUILT_PRODUCTS_DIR; };
		FC5FFF562FE76654003F0F43 /* KestrelWidgetExtension.appex */ = {isa = PBXFileReference; explicitFileType = "wrapper.app-extension"; includeInIndex = 0; path = KestrelWidgetExtension.appex; sourceTree = BUILT_PRODUCTS_DIR; };
		FC5FFF572FE76654003F0F43 /* WidgetKit.framework */ = {isa = PBXFileReference; lastKnownFileType = wrapper.framework; name = WidgetKit.framework; path = System/Library/Frameworks/WidgetKit.framework; sourceTree = SDKROOT; };
		FC5FFF592FE76654003F0F43 /* SwiftUI.framework */ = {isa = PBXFileReference; lastKnownFileType = wrapper.framework; name = SwiftUI.framework; path = System/Library/Frameworks/SwiftUI.framework; sourceTree = SDKROOT; };
		FC5FFF712FE766B5003F0F43 /* KestrelWatchWidgetExtension.appex */ = {isa = PBXFileReference; explicitFileType = "wrapper.app-extension"; includeInIndex = 0; path = KestrelWatchWidgetExtension.appex; sourceTree = BUILT_PRODUCTS_DIR; };
/* End PBXFileReference section */

/* Begin PBXFileSystemSynchronizedBuildFileExceptionSet section */
		FC4BA8932FB9527200955EA2 /* Exceptions for "Kestrel" folder in "Kestrel" target */ = {
			isa = PBXFileSystemSynchronizedBuildFileExceptionSet;
			membershipExceptions = (
				Info.plist,
			);
			target = FC4BA8812FB951AA00955EA2 /* Kestrel */;
		};
		FC5E2BE32FC0CE8D00667FD7 /* Exceptions for "Kestrel" folder in "Kestrel Watch" target */ = {
			isa = PBXFileSystemSynchronizedBuildFileExceptionSet;
			membershipExceptions = (
				Kestrel.icon,
				RecordingIntent.swift,
			);
			target = FC5ECB752FC0B82F00667FD7 /* Kestrel Watch */;
		};
		FC5FFF6B2FE76655003F0F43 /* Exceptions for "KestrelWidget" folder in "KestrelWidgetExtension" target */ = {
			isa = PBXFileSystemSynchronizedBuildFileExceptionSet;
			membershipExceptions = (
				Info.plist,
			);
			target = FC5FFF552FE76654003F0F43 /* KestrelWidgetExtension */;
		};
		FC5FFF842FE766B6003F0F43 /* Exceptions for "KestrelWatchWidget" folder in "KestrelWatchWidgetExtension" target */ = {
			isa = PBXFileSystemSynchronizedBuildFileExceptionSet;
			membershipExceptions = (
				Info.plist,
			);
			target = FC5FFF702FE766B5003F0F43 /* KestrelWatchWidgetExtension */;
		};
		FC5FFF892FE766DE003F0F43 /* Exceptions for "Kestrel" folder in "KestrelWidgetExtension" target */ = {
			isa = PBXFileSystemSynchronizedBuildFileExceptionSet;
			membershipExceptions = (
				RecordingIntent.swift,
			);
			target = FC5FFF552FE76654003F0F43 /* KestrelWidgetExtension */;
		};
		FC5FFF8A2FE766DE003F0F43 /* Exceptions for "Kestrel" folder in "KestrelWatchWidgetExtension" target */ = {
			isa = PBXFileSystemSynchronizedBuildFileExceptionSet;
			membershipExceptions = (
				RecordingIntent.swift,
			);
			target = FC5FFF702FE766B5003F0F43 /* KestrelWatchWidgetExtension */;
		};
/* End PBXFileSystemSynchronizedBuildFileExceptionSet section */

/* Begin PBXFileSystemSynchronizedRootGroup section */
		FC4BA8842FB951AA00955EA2 /* Kestrel */ = {
			isa = PBXFileSystemSynchronizedRootGroup;
			exceptions = (
				FC4BA8932FB9527200955EA2 /* Exceptions for "Kestrel" folder in "Kestrel" target */,
				FC5E2BE32FC0CE8D00667FD7 /* Exceptions for "Kestrel" folder in "Kestrel Watch" target */,
				FC5FFF892FE766DE003F0F43 /* Exceptions for "Kestrel" folder in "KestrelWidgetExtension" target */,
				FC5FFF8A2FE766DE003F0F43 /* Exceptions for "Kestrel" folder in "KestrelWatchWidgetExtension" target */,
			);
			path = Kestrel;
			sourceTree = "<group>";
		};
		FC5ECB772FC0B82F00667FD7 /* Kestrel Watch */ = {
			isa = PBXFileSystemSynchronizedRootGroup;
			path = "Kestrel Watch";
			sourceTree = "<group>";
		};
		FC5FFF5B2FE76654003F0F43 /* KestrelWidget */ = {
			isa = PBXFileSystemSynchronizedRootGroup;
			exceptions = (
				FC5FFF6B2FE76655003F0F43 /* Exceptions for "KestrelWidget" folder in "KestrelWidgetExtension" target */,
			);
			path = KestrelWidget;
			sourceTree = "<group>";
		};
		FC5FFF742FE766B5003F0F43 /* KestrelWatchWidget */ = {
			isa = PBXFileSystemSynchronizedRootGroup;
			exceptions = (
				FC5FFF842FE766B6003F0F43 /* Exceptions for "KestrelWatchWidget" folder in "KestrelWatchWidgetExtension" target */,
			);
			path = KestrelWatchWidget;
			sourceTree = "<group>";
		};
/* End PBXFileSystemSynchronizedRootGroup section */

/* Begin PBXFrameworksBuildPhase section */
		FC4BA87F2FB951AA00955EA2 /* Frameworks */ = {
			isa = PBXFrameworksBuildPhase;
			buildActionMask = 2147483647;
			files = (
				E596B13CF58B29E6A0984CC9 /* Pods_Kestrel.framework in Frameworks */,
			);
			runOnlyForDeploymentPostprocessing = 0;
		};
		FC5ECB732FC0B82F00667FD7 /* Frameworks */ = {
			isa = PBXFrameworksBuildPhase;
			buildActionMask = 2147483647;
			files = (
			);
			runOnlyForDeploymentPostprocessing = 0;
		};
		FC5FFF532FE76654003F0F43 /* Frameworks */ = {
			isa = PBXFrameworksBuildPhase;
			buildActionMask = 2147483647;
			files = (
				FC5FFF5A2FE76654003F0F43 /* SwiftUI.framework in Frameworks */,
				FC5FFF582FE76654003F0F43 /* WidgetKit.framework in Frameworks */,
			);
			runOnlyForDeploymentPostprocessing = 0;
		};
		FC5FFF6E2FE766B5003F0F43 /* Frameworks */ = {
			isa = PBXFrameworksBuildPhase;
			buildActionMask = 2147483647;
			files = (
				FC5FFF732FE766B5003F0F43 /* SwiftUI.framework in Frameworks */,
				FC5FFF722FE766B5003F0F43 /* WidgetKit.framework in Frameworks */,
			);
			runOnlyForDeploymentPostprocessing = 0;
		};
/* End PBXFrameworksBuildPhase section */

/* Begin PBXGroup section */
		7B8323A5C10D41178D1D3EAE /* Pods */ = {
			isa = PBXGroup;
			children = (
				F8B639173D7779B7186B01BC /* Pods-Kestrel.debug.xcconfig */,
				41C6895551641856EEF8DC3C /* Pods-Kestrel.release.xcconfig */,
			);
			path = Pods;
			sourceTree = "<group>";
		};
		E907AB40143F97C5FDBBB25D /* Frameworks */ = {
			isa = PBXGroup;
			children = (
				5FED5EB5F821424EC7097832 /* Pods_Kestrel.framework */,
				FC5FFF572FE76654003F0F43 /* WidgetKit.framework */,
				FC5FFF592FE76654003F0F43 /* SwiftUI.framework */,
			);
			name = Frameworks;
			sourceTree = "<group>";
		};
		FC4BA8792FB951AA00955EA2 = {
			isa = PBXGroup;
			children = (
				FC4BA8842FB951AA00955EA2 /* Kestrel */,
				FC5ECB772FC0B82F00667FD7 /* Kestrel Watch */,
				FC5FFF5B2FE76654003F0F43 /* KestrelWidget */,
				FC5FFF742FE766B5003F0F43 /* KestrelWatchWidget */,
				FC4BA8832FB951AA00955EA2 /* Products */,
				7B8323A5C10D41178D1D3EAE /* Pods */,
				E907AB40143F97C5FDBBB25D /* Frameworks */,
			);
			sourceTree = "<group>";
		};
		FC4BA8832FB951AA00955EA2 /* Products */ = {
			isa = PBXGroup;
			children = (
				FC4BA8822FB951AA00955EA2 /* Kestrel.app */,
				FC5ECB762FC0B82F00667FD7 /* Kestrel Watch.app */,
				FC5FFF562FE76654003F0F43 /* KestrelWidgetExtension.appex */,
				FC5FFF712FE766B5003F0F43 /* KestrelWatchWidgetExtension.appex */,
			);
			name = Products;
			sourceTree = "<group>";
		};
/* End PBXGroup section */

/* Begin PBXNativeTarget section */
		FC4BA8812FB951AA00955EA2 /* Kestrel */ = {
			isa = PBXNativeTarget;
			buildConfigurationList = FC4BA88D2FB951AB00955EA2 /* Build configuration list for PBXNativeTarget "Kestrel" */;
			buildPhases = (
				A0BA319531B86C953E7D84FB /* [CP] Check Pods Manifest.lock */,
				FC4BA87E2FB951AA00955EA2 /* Sources */,
				FC4BA87F2FB951AA00955EA2 /* Frameworks */,
				FC4BA8802FB951AA00955EA2 /* Resources */,
				FC5ECB812FC0B83000667FD7 /* Embed Watch Content */,
				FC5FFF6C2FE76655003F0F43 /* Embed Foundation Extensions */,
			);
			buildRules = (
			);
			dependencies = (
				FC5ECB7F2FC0B83000667FD7 /* PBXTargetDependency */,
				FC5FFF662FE76655003F0F43 /* PBXTargetDependency */,
			);
			fileSystemSynchronizedGroups = (
				FC4BA8842FB951AA00955EA2 /* Kestrel */,
			);
			name = Kestrel;
			productName = Kestrel;
			productReference = FC4BA8822FB951AA00955EA2 /* Kestrel.app */;
			productType = "com.apple.product-type.application";
		};
		FC5ECB752FC0B82F00667FD7 /* Kestrel Watch */ = {
			isa = PBXNativeTarget;
			buildConfigurationList = FC5ECB842FC0B83000667FD7 /* Build configuration list for PBXNativeTarget "Kestrel Watch" */;
			buildPhases = (
				FC5ECB722FC0B82F00667FD7 /* Sources */,
				FC5ECB732FC0B82F00667FD7 /* Frameworks */,
				FC5ECB742FC0B82F00667FD7 /* Resources */,
				FC5FFF852FE766B6003F0F43 /* Embed Foundation Extensions */,
			);
			buildRules = (
			);
			dependencies = (
				FC5FFF7F2FE766B6003F0F43 /* PBXTargetDependency */,
			);
			fileSystemSynchronizedGroups = (
				FC5ECB772FC0B82F00667FD7 /* Kestrel Watch */,
			);
			name = "Kestrel Watch";
			packageProductDependencies = (
			);
			productName = "Kestrel Watch Watch App";
			productReference = FC5ECB762FC0B82F00667FD7 /* Kestrel Watch.app */;
			productType = "com.apple.product-type.application";
		};
		FC5FFF552FE76654003F0F43 /* KestrelWidgetExtension */ = {
			isa = PBXNativeTarget;
			buildConfigurationList = FC5FFF682FE76655003F0F43 /* Build configuration list for PBXNativeTarget "KestrelWidgetExtension" */;
			buildPhases = (
				FC5FFF522FE76654003F0F43 /* Sources */,
				FC5FFF532FE76654003F0F43 /* Frameworks */,
				FC5FFF542FE76654003F0F43 /* Resources */,
			);
			buildRules = (
			);
			dependencies = (
			);
			fileSystemSynchronizedGroups = (
				FC5FFF5B2FE76654003F0F43 /* KestrelWidget */,
			);
			name = KestrelWidgetExtension;
			packageProductDependencies = (
			);
			productName = KestrelWidgetExtension;
			productReference = FC5FFF562FE76654003F0F43 /* KestrelWidgetExtension.appex */;
			productType = "com.apple.product-type.app-extension";
		};
		FC5FFF702FE766B5003F0F43 /* KestrelWatchWidgetExtension */ = {
			isa = PBXNativeTarget;
			buildConfigurationList = FC5FFF812FE766B6003F0F43 /* Build configuration list for PBXNativeTarget "KestrelWatchWidgetExtension" */;
			buildPhases = (
				FC5FFF6D2FE766B5003F0F43 /* Sources */,
				FC5FFF6E2FE766B5003F0F43 /* Frameworks */,
				FC5FFF6F2FE766B5003F0F43 /* Resources */,
			);
			buildRules = (
			);
			dependencies = (
			);
			fileSystemSynchronizedGroups = (
				FC5FFF742FE766B5003F0F43 /* KestrelWatchWidget */,
			);
			name = KestrelWatchWidgetExtension;
			packageProductDependencies = (
			);
			productName = KestrelWatchWidgetExtension;
			productReference = FC5FFF712FE766B5003F0F43 /* KestrelWatchWidgetExtension.appex */;
			productType = "com.apple.product-type.app-extension";
		};
/* End PBXNativeTarget section */

/* Begin PBXProject section */
		FC4BA87A2FB951AA00955EA2 /* Project object */ = {
			isa = PBXProject;
			attributes = {
				BuildIndependentTargetsInParallel = 1;
				LastSwiftUpdateCheck = 2650;
				LastUpgradeCheck = 2650;
				TargetAttributes = {
					FC4BA8812FB951AA00955EA2 = {
						CreatedOnToolsVersion = 26.5;
					};
					FC5ECB752FC0B82F00667FD7 = {
						CreatedOnToolsVersion = 26.5;
					};
					FC5FFF552FE76654003F0F43 = {
						CreatedOnToolsVersion = 26.5;
					};
					FC5FFF702FE766B5003F0F43 = {
						CreatedOnToolsVersion = 26.5;
					};
				};
			};
			buildConfigurationList = FC4BA87D2FB951AA00955EA2 /* Build configuration list for PBXProject "Kestrel" */;
			developmentRegion = en;
			hasScannedForEncodings = 0;
			knownRegions = (
				en,
				Base,
			);
			mainGroup = FC4BA8792FB951AA00955EA2;
			minimizedProjectReferenceProxies = 1;
			preferredProjectObjectVersion = 77;
			productRefGroup = FC4BA8832FB951AA00955EA2 /* Products */;
			projectDirPath = "";
			projectRoot = "";
			targets = (
				FC4BA8812FB951AA00955EA2 /* Kestrel */,
				FC5ECB752FC0B82F00667FD7 /* Kestrel Watch */,
				FC5FFF552FE76654003F0F43 /* KestrelWidgetExtension */,
				FC5FFF702FE766B5003F0F43 /* KestrelWatchWidgetExtension */,
			);
		};
/* End PBXProject section */

/* Begin PBXResourcesBuildPhase section */
		FC4BA8802FB951AA00955EA2 /* Resources */ = {
			isa = PBXResourcesBuildPhase;
			buildActionMask = 2147483647;
			files = (
			);
			runOnlyForDeploymentPostprocessing = 0;
		};
		FC5ECB742FC0B82F00667FD7 /* Resources */ = {
			isa = PBXResourcesBuildPhase;
			buildActionMask = 2147483647;
			files = (
			);
			runOnlyForDeploymentPostprocessing = 0;
		};
		FC5FFF542FE76654003F0F43 /* Resources */ = {
			isa = PBXResourcesBuildPhase;
			buildActionMask = 2147483647;
			files = (
			);
			runOnlyForDeploymentPostprocessing = 0;
		};
		FC5FFF6F2FE766B5003F0F43 /* Resources */ = {
			isa = PBXResourcesBuildPhase;
			buildActionMask = 2147483647;
			files = (
			);
			runOnlyForDeploymentPostprocessing = 0;
		};
/* End PBXResourcesBuildPhase section */

/* Begin PBXShellScriptBuildPhase section */
		A0BA319531B86C953E7D84FB /* [CP] Check Pods Manifest.lock */ = {
			isa = PBXShellScriptBuildPhase;
			buildActionMask = 2147483647;
			files = (
			);
			inputFileListPaths = (
			);
			inputPaths = (
				"${PODS_PODFILE_DIR_PATH}/Podfile.lock",
				"${PODS_ROOT}/Manifest.lock",
			);
			name = "[CP] Check Pods Manifest.lock";
			outputFileListPaths = (
			);
			outputPaths = (
				"$(DERIVED_FILE_DIR)/Pods-Kestrel-checkManifestLockResult.txt",
			);
			runOnlyForDeploymentPostprocessing = 0;
			shellPath = /bin/sh;
			shellScript = "diff \"${PODS_PODFILE_DIR_PATH}/Podfile.lock\" \"${PODS_ROOT}/Manifest.lock\" > /dev/null\nif [ $? != 0 ] ; then\n    # print error to STDERR\n    echo \"error: The sandbox is not in sync with the Podfile.lock. Run 'pod install' or update your CocoaPods installation.\" >&2\n    exit 1\nfi\n# This output is used by Xcode 'outputs' to avoid re-running this script phase.\necho \"SUCCESS\" > \"${SCRIPT_OUTPUT_FILE_0}\"\n";
			showEnvVarsInLog = 0;
		};
/* End PBXShellScriptBuildPhase section */

/* Begin PBXSourcesBuildPhase section */
		FC4BA87E2FB951AA00955EA2 /* Sources */ = {
			isa = PBXSourcesBuildPhase;
			buildActionMask = 2147483647;
			files = (
			);
			runOnlyForDeploymentPostprocessing = 0;
		};
		FC5ECB722FC0B82F00667FD7 /* Sources */ = {
			isa = PBXSourcesBuildPhase;
			buildActionMask = 2147483647;
			files = (
			);
			runOnlyForDeploymentPostprocessing = 0;
		};
		FC5FFF522FE76654003F0F43 /* Sources */ = {
			isa = PBXSourcesBuildPhase;
			buildActionMask = 2147483647;
			files = (
			);
			runOnlyForDeploymentPostprocessing = 0;
		};
		FC5FFF6D2FE766B5003F0F43 /* Sources */ = {
			isa = PBXSourcesBuildPhase;
			buildActionMask = 2147483647;
			files = (
			);
			runOnlyForDeploymentPostprocessing = 0;
		};
/* End PBXSourcesBuildPhase section */

/* Begin PBXTargetDependency section */
		FC5ECB7F2FC0B83000667FD7 /* PBXTargetDependency */ = {
			isa = PBXTargetDependency;
			target = FC5ECB752FC0B82F00667FD7 /* Kestrel Watch */;
			targetProxy = FC5ECB7E2FC0B83000667FD7 /* PBXContainerItemProxy */;
		};
		FC5FFF662FE76655003F0F43 /* PBXTargetDependency */ = {
			isa = PBXTargetDependency;
			target = FC5FFF552FE76654003F0F43 /* KestrelWidgetExtension */;
			targetProxy = FC5FFF652FE76655003F0F43 /* PBXContainerItemProxy */;
		};
		FC5FFF7F2FE766B6003F0F43 /* PBXTargetDependency */ = {
			isa = PBXTargetDependency;
			target = FC5FFF702FE766B5003F0F43 /* KestrelWatchWidgetExtension */;
			targetProxy = FC5FFF7E2FE766B6003F0F43 /* PBXContainerItemProxy */;
		};
/* End PBXTargetDependency section */

/* Begin XCBuildConfiguration section */
		FC4BA88B2FB951AB00955EA2 /* Debug */ = {
			isa = XCBuildConfiguration;
			buildSettings = {
				ALWAYS_SEARCH_USER_PATHS = NO;
				ASSETCATALOG_COMPILER_GENERATE_SWIFT_ASSET_SYMBOL_EXTENSIONS = YES;
				CLANG_ANALYZER_NONNULL = YES;
				CLANG_ANALYZER_NUMBER_OBJECT_CONVERSION = YES_AGGRESSIVE;
				CLANG_CXX_LANGUAGE_STANDARD = "gnu++20";
				CLANG_ENABLE_MODULES = YES;
				CLANG_ENABLE_OBJC_ARC = YES;
				CLANG_ENABLE_OBJC_WEAK = YES;
				CLANG_WARN_BLOCK_CAPTURE_AUTORELEASING = YES;
				CLANG_WARN_BOOL_CONVERSION = YES;
				CLANG_WARN_COMMA = YES;
				CLANG_WARN_CONSTANT_CONVERSION = YES;
				CLANG_WARN_DEPRECATED_OBJC_IMPLEMENTATIONS = YES;
				CLANG_WARN_DIRECT_OBJC_ISA_USAGE = YES_ERROR;
				CLANG_WARN_DOCUMENTATION_COMMENTS = YES;
				CLANG_WARN_EMPTY_BODY = YES;
				CLANG_WARN_ENUM_CONVERSION = YES;
				CLANG_WARN_INFINITE_RECURSION = YES;
				CLANG_WARN_INT_CONVERSION = YES;
				CLANG_WARN_NON_LITERAL_NULL_CONVERSION = YES;
				CLANG_WARN_OBJC_IMPLICIT_RETAIN_SELF = YES;
				CLANG_WARN_OBJC_LITERAL_CONVERSION = YES;
				CLANG_WARN_OBJC_ROOT_CLASS = YES_ERROR;
				CLANG_WARN_QUOTED_INCLUDE_IN_FRAMEWORK_HEADER = YES;
				CLANG_WARN_RANGE_LOOP_ANALYSIS = YES;
				CLANG_WARN_STRICT_PROTOTYPES = YES;
				CLANG_WARN_SUSPICIOUS_MOVE = YES;
				CLANG_WARN_UNGUARDED_AVAILABILITY = YES_AGGRESSIVE;
				CLANG_WARN_UNREACHABLE_CODE = YES;
				CLANG_WARN__DUPLICATE_METHOD_MATCH = YES;
				COPY_PHASE_STRIP = NO;
				DEBUG_INFORMATION_FORMAT = dwarf;
				ENABLE_STRICT_OBJC_MSGSEND = YES;
				ENABLE_TESTABILITY = YES;
				ENABLE_USER_SCRIPT_SANDBOXING = NO;
				GCC_C_LANGUAGE_STANDARD = gnu17;
				GCC_DYNAMIC_NO_PIC = NO;
				GCC_NO_COMMON_BLOCKS = YES;
				GCC_OPTIMIZATION_LEVEL = 0;
				GCC_PREPROCESSOR_DEFINITIONS = (
					"DEBUG=1",
					"$(inherited)",
				);
				GCC_WARN_64_TO_32_BIT_CONVERSION = YES;
				GCC_WARN_ABOUT_RETURN_TYPE = YES_ERROR;
				GCC_WARN_UNDECLARED_SELECTOR = YES;
				GCC_WARN_UNINITIALIZED_AUTOS = YES_AGGRESSIVE;
				GCC_WARN_UNUSED_FUNCTION = YES;
				GCC_WARN_UNUSED_VARIABLE = YES;
				IPHONEOS_DEPLOYMENT_TARGET = 26.5;
				LOCALIZATION_PREFERS_STRING_CATALOGS = YES;
				MTL_ENABLE_DEBUG_INFO = INCLUDE_SOURCE;
				MTL_FAST_MATH = YES;
				ONLY_ACTIVE_ARCH = YES;
				SDKROOT = iphoneos;
				SWIFT_ACTIVE_COMPILATION_CONDITIONS = "DEBUG $(inherited)";
				SWIFT_OPTIMIZATION_LEVEL = "-Onone";
			};
			name = Debug;
		};
		FC4BA88C2FB951AB00955EA2 /* Release */ = {
			isa = XCBuildConfiguration;
			buildSettings = {
				ALWAYS_SEARCH_USER_PATHS = NO;
				ASSETCATALOG_COMPILER_GENERATE_SWIFT_ASSET_SYMBOL_EXTENSIONS = YES;
				CLANG_ANALYZER_NONNULL = YES;
				CLANG_ANALYZER_NUMBER_OBJECT_CONVERSION = YES_AGGRESSIVE;
				CLANG_CXX_LANGUAGE_STANDARD = "gnu++20";
				CLANG_ENABLE_MODULES = YES;
				CLANG_ENABLE_OBJC_ARC = YES;
				CLANG_ENABLE_OBJC_WEAK = YES;
				CLANG_WARN_BLOCK_CAPTURE_AUTORELEASING = YES;
				CLANG_WARN_BOOL_CONVERSION = YES;
				CLANG_WARN_COMMA = YES;
				CLANG_WARN_CONSTANT_CONVERSION = YES;
				CLANG_WARN_DEPRECATED_OBJC_IMPLEMENTATIONS = YES;
				CLANG_WARN_DIRECT_OBJC_ISA_USAGE = YES_ERROR;
				CLANG_WARN_DOCUMENTATION_COMMENTS = YES;
				CLANG_WARN_EMPTY_BODY = YES;
				CLANG_WARN_ENUM_CONVERSION = YES;
				CLANG_WARN_INFINITE_RECURSION = YES;
				CLANG_WARN_INT_CONVERSION = YES;
				CLANG_WARN_NON_LITERAL_NULL_CONVERSION = YES;
				CLANG_WARN_OBJC_IMPLICIT_RETAIN_SELF = YES;
				CLANG_WARN_OBJC_LITERAL_CONVERSION = YES;
				CLANG_WARN_OBJC_ROOT_CLASS = YES_ERROR;
				CLANG_WARN_QUOTED_INCLUDE_IN_FRAMEWORK_HEADER = YES;
				CLANG_WARN_RANGE_LOOP_ANALYSIS = YES;
				CLANG_WARN_STRICT_PROTOTYPES = YES;
				CLANG_WARN_SUSPICIOUS_MOVE = YES;
				CLANG_WARN_UNGUARDED_AVAILABILITY = YES_AGGRESSIVE;
				CLANG_WARN_UNREACHABLE_CODE = YES;
				CLANG_WARN__DUPLICATE_METHOD_MATCH = YES;
				COPY_PHASE_STRIP = NO;
				DEBUG_INFORMATION_FORMAT = "dwarf-with-dsym";
				ENABLE_NS_ASSERTIONS = NO;
				ENABLE_STRICT_OBJC_MSGSEND = YES;
				ENABLE_USER_SCRIPT_SANDBOXING = NO;
				GCC_C_LANGUAGE_STANDARD = gnu17;
				GCC_NO_COMMON_BLOCKS = YES;
				GCC_WARN_64_TO_32_BIT_CONVERSION = YES;
				GCC_WARN_ABOUT_RETURN_TYPE = YES_ERROR;
				GCC_WARN_UNDECLARED_SELECTOR = YES;
				GCC_WARN_UNINITIALIZED_AUTOS = YES_AGGRESSIVE;
				GCC_WARN_UNUSED_FUNCTION = YES;
				GCC_WARN_UNUSED_VARIABLE = YES;
				IPHONEOS_DEPLOYMENT_TARGET = 26.5;
				LOCALIZATION_PREFERS_STRING_CATALOGS = YES;
				MTL_ENABLE_DEBUG_INFO = NO;
				MTL_FAST_MATH = YES;
				SDKROOT = iphoneos;
				SWIFT_COMPILATION_MODE = wholemodule;
				VALIDATE_PRODUCT = YES;
			};
			name = Release;
		};
		FC4BA88E2FB951AB00955EA2 /* Debug */ = {
			isa = XCBuildConfiguration;
			baseConfigurationReference = F8B639173D7779B7186B01BC /* Pods-Kestrel.debug.xcconfig */;
			buildSettings = {
				ASSETCATALOG_COMPILER_APPICON_NAME = Kestrel;
				ASSETCATALOG_COMPILER_GLOBAL_ACCENT_COLOR_NAME = AccentColor;
				CODE_SIGN_IDENTITY = "Apple Development";
				CODE_SIGN_STYLE = Automatic;
				CURRENT_PROJECT_VERSION = 1;
				DEVELOPMENT_TEAM = GJ5547PK3X;
				ENABLE_PREVIEWS = YES;
				GENERATE_INFOPLIST_FILE = YES;
				INFOPLIST_FILE = Kestrel/Info.plist;
				INFOPLIST_KEY_NSLocationWhenInUseUsageDescription = "Kestrel uses your location to focus identification on birds in your area.";
				INFOPLIST_KEY_NSMicrophoneUsageDescription = "Kestrel processes audio to identify birds";
				INFOPLIST_KEY_UIApplicationSceneManifest_Generation = YES;
				INFOPLIST_KEY_UIApplicationSupportsIndirectInputEvents = YES;
				INFOPLIST_KEY_UILaunchScreen_Generation = YES;
				INFOPLIST_KEY_UISupportedInterfaceOrientations_iPad = "UIInterfaceOrientationPortrait UIInterfaceOrientationPortraitUpsideDown";
				INFOPLIST_KEY_UISupportedInterfaceOrientations_iPhone = UIInterfaceOrientationPortrait;
				IPHONEOS_DEPLOYMENT_TARGET = 26.0;
				LD_RUNPATH_SEARCH_PATHS = (
					"$(inherited)",
					"@executable_path/Frameworks",
				);
				MARKETING_VERSION = 1.0;
				PRODUCT_BUNDLE_IDENTIFIER = com.cruzgodar.Kestrel;
				PRODUCT_NAME = "$(TARGET_NAME)";
				PROVISIONING_PROFILE_SPECIFIER = "";
				STRING_CATALOG_GENERATE_SYMBOLS = YES;
				SWIFT_APPROACHABLE_CONCURRENCY = YES;
				SWIFT_DEFAULT_ACTOR_ISOLATION = MainActor;
				SWIFT_EMIT_LOC_STRINGS = YES;
				SWIFT_UPCOMING_FEATURE_MEMBER_IMPORT_VISIBILITY = YES;
				SWIFT_VERSION = 5.0;
				TARGETED_DEVICE_FAMILY = "1,2";
			};
			name = Debug;
		};
		FC4BA88F2FB951AB00955EA2 /* Release */ = {
			isa = XCBuildConfiguration;
			baseConfigurationReference = 41C6895551641856EEF8DC3C /* Pods-Kestrel.release.xcconfig */;
			buildSettings = {
				ASSETCATALOG_COMPILER_APPICON_NAME = Kestrel;
				ASSETCATALOG_COMPILER_GLOBAL_ACCENT_COLOR_NAME = AccentColor;
				CODE_SIGN_IDENTITY = "Apple Development";
				CODE_SIGN_STYLE = Automatic;
				CURRENT_PROJECT_VERSION = 1;
				DEVELOPMENT_TEAM = GJ5547PK3X;
				ENABLE_PREVIEWS = YES;
				GENERATE_INFOPLIST_FILE = YES;
				INFOPLIST_FILE = Kestrel/Info.plist;
				INFOPLIST_KEY_NSLocationWhenInUseUsageDescription = "Kestrel uses your location to focus identification on birds in your area.";
				INFOPLIST_KEY_NSMicrophoneUsageDescription = "Kestrel processes audio to identify birds";
				INFOPLIST_KEY_UIApplicationSceneManifest_Generation = YES;
				INFOPLIST_KEY_UIApplicationSupportsIndirectInputEvents = YES;
				INFOPLIST_KEY_UILaunchScreen_Generation = YES;
				INFOPLIST_KEY_UISupportedInterfaceOrientations_iPad = "UIInterfaceOrientationPortrait UIInterfaceOrientationPortraitUpsideDown";
				INFOPLIST_KEY_UISupportedInterfaceOrientations_iPhone = UIInterfaceOrientationPortrait;
				IPHONEOS_DEPLOYMENT_TARGET = 26.0;
				LD_RUNPATH_SEARCH_PATHS = (
					"$(inherited)",
					"@executable_path/Frameworks",
				);
				MARKETING_VERSION = 1.0;
				PRODUCT_BUNDLE_IDENTIFIER = com.cruzgodar.Kestrel;
				PRODUCT_NAME = "$(TARGET_NAME)";
				PROVISIONING_PROFILE_SPECIFIER = "";
				STRING_CATALOG_GENERATE_SYMBOLS = YES;
				SWIFT_APPROACHABLE_CONCURRENCY = YES;
				SWIFT_DEFAULT_ACTOR_ISOLATION = MainActor;
				SWIFT_EMIT_LOC_STRINGS = YES;
				SWIFT_UPCOMING_FEATURE_MEMBER_IMPORT_VISIBILITY = YES;
				SWIFT_VERSION = 5.0;
				TARGETED_DEVICE_FAMILY = "1,2";
			};
			name = Release;
		};
		FC5ECB822FC0B83000667FD7 /* Debug */ = {
			isa = XCBuildConfiguration;
			buildSettings = {
				ASSETCATALOG_COMPILER_APPICON_NAME = Kestrel;
				ASSETCATALOG_COMPILER_GLOBAL_ACCENT_COLOR_NAME = AccentColor;
				CODE_SIGN_IDENTITY = "Apple Development";
				CODE_SIGN_STYLE = Automatic;
				CURRENT_PROJECT_VERSION = 1;
				DEVELOPMENT_TEAM = GJ5547PK3X;
				ENABLE_PREVIEWS = YES;
				ENABLE_USER_SCRIPT_SANDBOXING = YES;
				GENERATE_INFOPLIST_FILE = YES;
				INFOPLIST_FILE = "Kestrel-Watch-Info.plist";
				INFOPLIST_KEY_CFBundleDisplayName = Kestrel;
				INFOPLIST_KEY_NSMicrophoneUsageDescription = "Kestrel listens for nearby birds from your Apple Watch.";
				INFOPLIST_KEY_UISupportedInterfaceOrientations = "UIInterfaceOrientationPortrait UIInterfaceOrientationPortraitUpsideDown";
				INFOPLIST_KEY_WKCompanionAppBundleIdentifier = com.cruzgodar.Kestrel;
				LD_RUNPATH_SEARCH_PATHS = (
					"$(inherited)",
					"@executable_path/Frameworks",
				);
				MARKETING_VERSION = 1.0;
				PRODUCT_BUNDLE_IDENTIFIER = com.cruzgodar.Kestrel.watchkitapp;
				PRODUCT_NAME = "$(TARGET_NAME)";
				PROVISIONING_PROFILE_SPECIFIER = "";
				SDKROOT = watchos;
				SKIP_INSTALL = YES;
				STRING_CATALOG_GENERATE_SYMBOLS = YES;
				SWIFT_APPROACHABLE_CONCURRENCY = YES;
				SWIFT_DEFAULT_ACTOR_ISOLATION = MainActor;
				SWIFT_EMIT_LOC_STRINGS = YES;
				SWIFT_UPCOMING_FEATURE_MEMBER_IMPORT_VISIBILITY = YES;
				SWIFT_VERSION = 5.0;
				TARGETED_DEVICE_FAMILY = 4;
				WATCHOS_DEPLOYMENT_TARGET = 26.0;
			};
			name = Debug;
		};
		FC5ECB832FC0B83000667FD7 /* Release */ = {
			isa = XCBuildConfiguration;
			buildSettings = {
				ASSETCATALOG_COMPILER_APPICON_NAME = Kestrel;
				ASSETCATALOG_COMPILER_GLOBAL_ACCENT_COLOR_NAME = AccentColor;
				CODE_SIGN_IDENTITY = "Apple Development";
				CODE_SIGN_STYLE = Automatic;
				CURRENT_PROJECT_VERSION = 1;
				DEVELOPMENT_TEAM = GJ5547PK3X;
				ENABLE_PREVIEWS = YES;
				ENABLE_USER_SCRIPT_SANDBOXING = YES;
				GENERATE_INFOPLIST_FILE = YES;
				INFOPLIST_FILE = "Kestrel-Watch-Info.plist";
				INFOPLIST_KEY_CFBundleDisplayName = Kestrel;
				INFOPLIST_KEY_NSMicrophoneUsageDescription = "Kestrel listens for nearby birds from your Apple Watch.";
				INFOPLIST_KEY_UISupportedInterfaceOrientations = "UIInterfaceOrientationPortrait UIInterfaceOrientationPortraitUpsideDown";
				INFOPLIST_KEY_WKCompanionAppBundleIdentifier = com.cruzgodar.Kestrel;
				LD_RUNPATH_SEARCH_PATHS = (
					"$(inherited)",
					"@executable_path/Frameworks",
				);
				MARKETING_VERSION = 1.0;
				PRODUCT_BUNDLE_IDENTIFIER = com.cruzgodar.Kestrel.watchkitapp;
				PRODUCT_NAME = "$(TARGET_NAME)";
				PROVISIONING_PROFILE_SPECIFIER = "";
				SDKROOT = watchos;
				SKIP_INSTALL = YES;
				STRING_CATALOG_GENERATE_SYMBOLS = YES;
				SWIFT_APPROACHABLE_CONCURRENCY = YES;
				SWIFT_DEFAULT_ACTOR_ISOLATION = MainActor;
				SWIFT_EMIT_LOC_STRINGS = YES;
				SWIFT_UPCOMING_FEATURE_MEMBER_IMPORT_VISIBILITY = YES;
				SWIFT_VERSION = 5.0;
				TARGETED_DEVICE_FAMILY = 4;
				WATCHOS_DEPLOYMENT_TARGET = 26.0;
			};
			name = Release;
		};
		FC5FFF692FE76655003F0F43 /* Debug */ = {
			isa = XCBuildConfiguration;
			buildSettings = {
				ASSETCATALOG_COMPILER_GLOBAL_ACCENT_COLOR_NAME = AccentColor;
				ASSETCATALOG_COMPILER_WIDGET_BACKGROUND_COLOR_NAME = WidgetBackground;
				CODE_SIGN_IDENTITY = "Apple Development";
				CODE_SIGN_STYLE = Automatic;
				CURRENT_PROJECT_VERSION = 1;
				DEVELOPMENT_TEAM = GJ5547PK3X;
				ENABLE_USER_SCRIPT_SANDBOXING = YES;
				GENERATE_INFOPLIST_FILE = YES;
				INFOPLIST_FILE = KestrelWidget/Info.plist;
				INFOPLIST_KEY_CFBundleDisplayName = KestrelWidget;
				INFOPLIST_KEY_NSHumanReadableCopyright = "";
				LD_RUNPATH_SEARCH_PATHS = (
					"$(inherited)",
					"@executable_path/Frameworks",
					"@executable_path/../../Frameworks",
				);
				MARKETING_VERSION = 1.0;
				PRODUCT_BUNDLE_IDENTIFIER = com.cruzgodar.Kestrel.KestrelWidget;
				PRODUCT_NAME = "$(TARGET_NAME)";
				SKIP_INSTALL = YES;
				STRING_CATALOG_GENERATE_SYMBOLS = YES;
				SWIFT_APPROACHABLE_CONCURRENCY = YES;
				SWIFT_EMIT_LOC_STRINGS = YES;
				SWIFT_UPCOMING_FEATURE_MEMBER_IMPORT_VISIBILITY = YES;
				SWIFT_VERSION = 5.0;
				TARGETED_DEVICE_FAMILY = "1,2";
			};
			name = Debug;
		};
		FC5FFF6A2FE76655003F0F43 /* Release */ = {
			isa = XCBuildConfiguration;
			buildSettings = {
				ASSETCATALOG_COMPILER_GLOBAL_ACCENT_COLOR_NAME = AccentColor;
				ASSETCATALOG_COMPILER_WIDGET_BACKGROUND_COLOR_NAME = WidgetBackground;
				CODE_SIGN_IDENTITY = "Apple Development";
				CODE_SIGN_STYLE = Automatic;
				CURRENT_PROJECT_VERSION = 1;
				DEVELOPMENT_TEAM = GJ5547PK3X;
				ENABLE_USER_SCRIPT_SANDBOXING = YES;
				GENERATE_INFOPLIST_FILE = YES;
				INFOPLIST_FILE = KestrelWidget/Info.plist;
				INFOPLIST_KEY_CFBundleDisplayName = KestrelWidget;
				INFOPLIST_KEY_NSHumanReadableCopyright = "";
				LD_RUNPATH_SEARCH_PATHS = (
					"$(inherited)",
					"@executable_path/Frameworks",
					"@executable_path/../../Frameworks",
				);
				MARKETING_VERSION = 1.0;
				PRODUCT_BUNDLE_IDENTIFIER = com.cruzgodar.Kestrel.KestrelWidget;
				PRODUCT_NAME = "$(TARGET_NAME)";
				SKIP_INSTALL = YES;
				STRING_CATALOG_GENERATE_SYMBOLS = YES;
				SWIFT_APPROACHABLE_CONCURRENCY = YES;
				SWIFT_EMIT_LOC_STRINGS = YES;
				SWIFT_UPCOMING_FEATURE_MEMBER_IMPORT_VISIBILITY = YES;
				SWIFT_VERSION = 5.0;
				TARGETED_DEVICE_FAMILY = "1,2";
			};
			name = Release;
		};
		FC5FFF822FE766B6003F0F43 /* Debug */ = {
			isa = XCBuildConfiguration;
			buildSettings = {
				ASSETCATALOG_COMPILER_GLOBAL_ACCENT_COLOR_NAME = AccentColor;
				ASSETCATALOG_COMPILER_WIDGET_BACKGROUND_COLOR_NAME = WidgetBackground;
				CODE_SIGN_IDENTITY = "Apple Development";
				CODE_SIGN_STYLE = Automatic;
				CURRENT_PROJECT_VERSION = 1;
				DEVELOPMENT_TEAM = GJ5547PK3X;
				ENABLE_USER_SCRIPT_SANDBOXING = YES;
				GENERATE_INFOPLIST_FILE = YES;
				INFOPLIST_FILE = KestrelWatchWidget/Info.plist;
				INFOPLIST_KEY_CFBundleDisplayName = KestrelWatchWidget;
				INFOPLIST_KEY_NSHumanReadableCopyright = "";
				LD_RUNPATH_SEARCH_PATHS = (
					"$(inherited)",
					"@executable_path/Frameworks",
					"@executable_path/../../Frameworks",
					"@executable_path/../../../../Frameworks",
				);
				MARKETING_VERSION = 1.0;
				PRODUCT_BUNDLE_IDENTIFIER = com.cruzgodar.Kestrel.watchkitapp.KestrelWatchWidget;
				PRODUCT_NAME = "$(TARGET_NAME)";
				SDKROOT = watchos;
				SKIP_INSTALL = YES;
				STRING_CATALOG_GENERATE_SYMBOLS = YES;
				SWIFT_APPROACHABLE_CONCURRENCY = YES;
				SWIFT_EMIT_LOC_STRINGS = YES;
				SWIFT_UPCOMING_FEATURE_MEMBER_IMPORT_VISIBILITY = YES;
				SWIFT_VERSION = 5.0;
				TARGETED_DEVICE_FAMILY = 4;
				WATCHOS_DEPLOYMENT_TARGET = 26.5;
			};
			name = Debug;
		};
		FC5FFF832FE766B6003F0F43 /* Release */ = {
			isa = XCBuildConfiguration;
			buildSettings = {
				ASSETCATALOG_COMPILER_GLOBAL_ACCENT_COLOR_NAME = AccentColor;
				ASSETCATALOG_COMPILER_WIDGET_BACKGROUND_COLOR_NAME = WidgetBackground;
				CODE_SIGN_IDENTITY = "Apple Development";
				CODE_SIGN_STYLE = Automatic;
				CURRENT_PROJECT_VERSION = 1;
				DEVELOPMENT_TEAM = GJ5547PK3X;
				ENABLE_USER_SCRIPT_SANDBOXING = YES;
				GENERATE_INFOPLIST_FILE = YES;
				INFOPLIST_FILE = KestrelWatchWidget/Info.plist;
				INFOPLIST_KEY_CFBundleDisplayName = KestrelWatchWidget;
				INFOPLIST_KEY_NSHumanReadableCopyright = "";
				LD_RUNPATH_SEARCH_PATHS = (
					"$(inherited)",
					"@executable_path/Frameworks",
					"@executable_path/../../Frameworks",
					"@executable_path/../../../../Frameworks",
				);
				MARKETING_VERSION = 1.0;
				PRODUCT_BUNDLE_IDENTIFIER = com.cruzgodar.Kestrel.watchkitapp.KestrelWatchWidget;
				PRODUCT_NAME = "$(TARGET_NAME)";
				SDKROOT = watchos;
				SKIP_INSTALL = YES;
				STRING_CATALOG_GENERATE_SYMBOLS = YES;
				SWIFT_APPROACHABLE_CONCURRENCY = YES;
				SWIFT_EMIT_LOC_STRINGS = YES;
				SWIFT_UPCOMING_FEATURE_MEMBER_IMPORT_VISIBILITY = YES;
				SWIFT_VERSION = 5.0;
				TARGETED_DEVICE_FAMILY = 4;
				WATCHOS_DEPLOYMENT_TARGET = 26.5;
			};
			name = Release;
		};
/* End XCBuildConfiguration section */

/* Begin XCConfigurationList section */
		FC4BA87D2FB951AA00955EA2 /* Build configuration list for PBXProject "Kestrel" */ = {
			isa = XCConfigurationList;
			buildConfigurations = (
				FC4BA88B2FB951AB00955EA2 /* Debug */,
				FC4BA88C2FB951AB00955EA2 /* Release */,
			);
			defaultConfigurationIsVisible = 0;
			defaultConfigurationName = Release;
		};
		FC4BA88D2FB951AB00955EA2 /* Build configuration list for PBXNativeTarget "Kestrel" */ = {
			isa = XCConfigurationList;
			buildConfigurations = (
				FC4BA88E2FB951AB00955EA2 /* Debug */,
				FC4BA88F2FB951AB00955EA2 /* Release */,
			);
			defaultConfigurationIsVisible = 0;
			defaultConfigurationName = Release;
		};
		FC5ECB842FC0B83000667FD7 /* Build configuration list for PBXNativeTarget "Kestrel Watch" */ = {
			isa = XCConfigurationList;
			buildConfigurations = (
				FC5ECB822FC0B83000667FD7 /* Debug */,
				FC5ECB832FC0B83000667FD7 /* Release */,
			);
			defaultConfigurationIsVisible = 0;
			defaultConfigurationName = Release;
		};
		FC5FFF682FE76655003F0F43 /* Build configuration list for PBXNativeTarget "KestrelWidgetExtension" */ = {
			isa = XCConfigurationList;
			buildConfigurations = (
				FC5FFF692FE76655003F0F43 /* Debug */,
				FC5FFF6A2FE76655003F0F43 /* Release */,
			);
			defaultConfigurationIsVisible = 0;
			defaultConfigurationName = Release;
		};
		FC5FFF812FE766B6003F0F43 /* Build configuration list for PBXNativeTarget "KestrelWatchWidgetExtension" */ = {
			isa = XCConfigurationList;
			buildConfigurations = (
				FC5FFF822FE766B6003F0F43 /* Debug */,
				FC5FFF832FE766B6003F0F43 /* Release */,
			);
			defaultConfigurationIsVisible = 0;
			defaultConfigurationName = Release;
		};
/* End XCConfigurationList section */
	};
	rootObject = FC4BA87A2FB951AA00955EA2 /* Project object */;
}
